{
  "name": "color-matcher",
  "version": "1.0.0",
  "lockfileVersion": 1,
  "requires": true,
  "dependencies": {
    "rgb-lab": {
      "version": "1.0.0",
      "resolved": "https://registry.npmjs.org/rgb-lab/-/rgb-lab-1.0.0.tgz",
      "integrity": "sha512-+UMIeoqD5b0hNIm/BfoJNcRBcorxxgrkSx6Yho27j/9/qJZBh+kydFs2mNkLbjb2MremdsvihZ2zGdZlIBGbsA=="
    },
    "tinycolor2": {
      "version": "1.4.1",
      "resolved": "https://registry.npmjs.org/tinycolor2/-/tinycolor2-1.4.1.tgz",
      "integrity": "sha1-9PrTM0R7wLB9TcjpIJ2POaisd+g="
    }
  }
}
